
Microsoft Visual Studio Solution File, Format Version 12.00
# Visual Studio 15
VisualStudioVersion = 15.0.28307.960
MinimumVisualStudioVersion = 10.0.40219.1
Project("{2150E333-8FDC-42A3-9474-1A3956D46DE8}") = "Business", "Business", "{555D5549-DADB-41C9-A0E7-45C62AEEBE44}"
EndProject
Project("{2150E333-8FDC-42A3-9474-1A3956D46DE8}") = "Data", "Data", "{70841D80-3D39-4B36-88EB-C1EF65E65BC5}"
EndProject
Project("{2150E333-8FDC-42A3-9474-1A3956D46DE8}") = "Hosts", "Hosts", "{22C2A7F9-5AAD-49AB-9A10-27E19046A23A}"
EndProject
Project("{2150E333-8FDC-42A3-9474-1A3956D46DE8}") = "Presentation", "Presentation", "{A3A713E0-AA63-4ABF-8ABB-788EDF6A499C}"
EndProject
Project("{2150E333-8FDC-42A3-9474-1A3956D46DE8}") = "Services", "Services", "{289D16A9-F6C6-45FA-8E11-93B4A7B984C2}"
EndProject
Project("{2150E333-8FDC-42A3-9474-1A3956D46DE8}") = "Shared", "Shared", "{5B12DA28-4107-462D-9DE8-C0B852F7146F}"
EndProject
Project("{FAE04EC0-301F-11D3-BF4B-00C04F79EFBC}") = "MCGA-Safari.Business", "MCGA-Safari.Business\MCGA-Safari.Business.csproj", "{C373C6D9-66A6-41F4-9F97-CA902B49C7FC}"
EndProject
Project("{FAE04EC0-301F-11D3-BF4B-00C04F79EFBC}") = "MCGA-Safari.Data", "MCGA-Safari.Data\MCGA-Safari.Data.csproj", "{5C668D8F-7766-40C3-9734-9F00C8F325A6}"
EndProject
Project("{FAE04EC0-301F-11D3-BF4B-00C04F79EFBC}") = "MCGA-Safari.UI.Process", "MCGA-Safari.UI.Process\MCGA-Safari.UI.Process.csproj", "{140F0269-F323-4277-B699-CA259B59D3B6}"
EndProject
Project("{FAE04EC0-301F-11D3-BF4B-00C04F79EFBC}") = "MCGA-Safari.UI.Web", "MCGA-Safari.UI.Web\MCGA-Safari.UI.Web.csproj", "{0AFA3EEF-853F-40A0-9F8B-267876E5B068}"
EndProject
Project("{FAE04EC0-301F-11D3-BF4B-00C04F79EFBC}") = "MCGA-Safari.Services", "MCGA-Safari.Services\MCGA-Safari.Services.csproj", "{EDC8E111-8F4A-461E-984E-A54766022D42}"
EndProject
Project("{FAE04EC0-301F-11D3-BF4B-00C04F79EFBC}") = "MCGA-Safari.Services.Contracts", "MCGA-Safari.Services.Contracts\MCGA-Safari.Services.Contracts.csproj", "{C7DA0A9A-0FA2-4535-AA76-3B8608B15190}"
EndProject
Project("{FAE04EC0-301F-11D3-BF4B-00C04F79EFBC}") = "MCGA-Safari.Services.Http", "MCGA-Safari.Services.Http\MCGA-Safari.Services.Http.csproj", "{E64C8581-6E1F-4065-8B49-A7A8DD343CFF}"
EndProject
Project("{FAE04EC0-301F-11D3-BF4B-00C04F79EFBC}") = "MCGA-Safari.Entities", "MCGA-Safari.Entities\MCGA-Safari.Entities.csproj", "{0BBB7967-A5EC-4FC0-BE56-49111985A194}"
EndProject
Project("{FAE04EC0-301F-11D3-BF4B-00C04F79EFBC}") = "MCGA-Safari.Framework", "MCGA-Safari.Framework\MCGA-Safari.Framework.csproj", "{7122EED6-7AC6-488B-891E-442541EB1528}"
EndProject
Project("{FAE04EC0-301F-11D3-BF4B-00C04F79EFBC}") = "MCGA-Safari.IoC", "MCGA-Safari.IoC\MCGA-Safari.IoC.csproj", "{B727BE07-DA8B-4166-8177-D77BE6C56DBA}"
EndProject
Project("{FAE04EC0-301F-11D3-BF4B-00C04F79EFBC}") = "MCGA-Safari.Hosts.Web", "MCGA-Safari.Hosts.Web\MCGA-Safari.Hosts.Web.csproj", "{7159857F-7980-473A-AEB1-365AF942B33B}"
EndProject
Global
	GlobalSection(SolutionConfigurationPlatforms) = preSolution
		Debug|Any CPU = Debug|Any CPU
		Release|Any CPU = Release|Any CPU
	EndGlobalSection
	GlobalSection(ProjectConfigurationPlatforms) = postSolution
		{C373C6D9-66A6-41F4-9F97-CA902B49C7FC}.Debug|Any CPU.ActiveCfg = Debug|Any CPU
		{C373C6D9-66A6-41F4-9F97-CA902B49C7FC}.Debug|Any CPU.Build.0 = Debug|Any CPU
		{C373C6D9-66A6-41F4-9F97-CA902B49C7FC}.Release|Any CPU.ActiveCfg = Release|Any CPU
		{C373C6D9-66A6-41F4-9F97-CA902B49C7FC}.Release|Any CPU.Build.0 = Release|Any CPU
		{5C668D8F-7766-40C3-9734-9F00C8F325A6}.Debug|Any CPU.ActiveCfg = Debug|Any CPU
		{5C668D8F-7766-40C3-9734-9F00C8F325A6}.Debug|Any CPU.Build.0 = Debug|Any CPU
		{5C668D8F-7766-40C3-9734-9F00C8F325A6}.Release|Any CPU.ActiveCfg = Release|Any CPU
		{5C668D8F-7766-40C3-9734-9F00C8F325A6}.Release|Any CPU.Build.0 = Release|Any CPU
		{140F0269-F323-4277-B699-CA259B59D3B6}.Debug|Any CPU.ActiveCfg = Debug|Any CPU
		{140F0269-F323-4277-B699-CA259B59D3B6}.Debug|Any CPU.Build.0 = Debug|Any CPU
		{140F0269-F323-4277-B699-CA259B59D3B6}.Release|Any CPU.ActiveCfg = Release|Any CPU
		{140F0269-F323-4277-B699-CA259B59D3B6}.Release|Any CPU.Build.0 = Release|Any CPU
		{0AFA3EEF-853F-40A0-9F8B-267876E5B068}.Debug|Any CPU.ActiveCfg = Debug|Any CPU
		{0AFA3EEF-853F-40A0-9F8B-267876E5B068}.Debug|Any CPU.Build.0 = Debug|Any CPU
		{0AFA3EEF-853F-40A0-9F8B-267876E5B068}.Release|Any CPU.ActiveCfg = Release|Any CPU
		{0AFA3EEF-853F-40A0-9F8B-267876E5B068}.Release|Any CPU.Build.0 = Release|Any CPU
		{EDC8E111-8F4A-461E-984E-A54766022D42}.Debug|Any CPU.ActiveCfg = Debug|Any CPU
		{EDC8E111-8F4A-461E-984E-A54766022D42}.Debug|Any CPU.Build.0 = Debug|Any CPU
		{EDC8E111-8F4A-461E-984E-A54766022D42}.Release|Any CPU.ActiveCfg = Release|Any CPU
		{EDC8E111-8F4A-461E-984E-A54766022D42}.Release|Any CPU.Build.0 = Release|Any CPU
		{C7DA0A9A-0FA2-4535-AA76-3B8608B15190}.Debug|Any CPU.ActiveCfg = Debug|Any CPU
		{C7DA0A9A-0FA2-4535-AA76-3B8608B15190}.Debug|Any CPU.Build.0 = Debug|Any CPU
		{C7DA0A9A-0FA2-4535-AA76-3B8608B15190}.Release|Any CPU.ActiveCfg = Release|Any CPU
		{C7DA0A9A-0FA2-4535-AA76-3B8608B15190}.Release|Any CPU.Build.0 = Release|Any CPU
		{E64C8581-6E1F-4065-8B49-A7A8DD343CFF}.Debug|Any CPU.ActiveCfg = Debug|Any CPU
		{E64C8581-6E1F-4065-8B49-A7A8DD343CFF}.Debug|Any CPU.Build.0 = Debug|Any CPU
		{E64C8581-6E1F-4065-8B49-A7A8DD343CFF}.Release|Any CPU.ActiveCfg = Release|Any CPU
		{E64C8581-6E1F-4065-8B49-A7A8DD343CFF}.Release|Any CPU.Build.0 = Release|Any CPU
		{0BBB7967-A5EC-4FC0-BE56-49111985A194}.Debug|Any CPU.ActiveCfg = Debug|Any CPU
		{0BBB7967-A5EC-4FC0-BE56-49111985A194}.Debug|Any CPU.Build.0 = Debug|Any CPU
		{0BBB7967-A5EC-4FC0-BE56-49111985A194}.Release|Any CPU.ActiveCfg = Release|Any CPU
		{0BBB7967-A5EC-4FC0-BE56-49111985A194}.Release|Any CPU.Build.0 = Release|Any CPU
		{7122EED6-7AC6-488B-891E-442541EB1528}.Debug|Any CPU.ActiveCfg = Debug|Any CPU
		{7122EED6-7AC6-488B-891E-442541EB1528}.Debug|Any CPU.Build.0 = Debug|Any CPU
		{7122EED6-7AC6-488B-891E-442541EB1528}.Release|Any CPU.ActiveCfg = Release|Any CPU
		{7122EED6-7AC6-488B-891E-442541EB1528}.Release|Any CPU.Build.0 = Release|Any CPU
		{B727BE07-DA8B-4166-8177-D77BE6C56DBA}.Debug|Any CPU.ActiveCfg = Debug|Any CPU
		{B727BE07-DA8B-4166-8177-D77BE6C56DBA}.Debug|Any CPU.Build.0 = Debug|Any CPU
		{B727BE07-DA8B-4166-8177-D77BE6C56DBA}.Release|Any CPU.ActiveCfg = Release|Any CPU
		{B727BE07-DA8B-4166-8177-D77BE6C56DBA}.Release|Any CPU.Build.0 = Release|Any CPU
		{7159857F-7980-473A-AEB1-365AF942B33B}.Debug|Any CPU.ActiveCfg = Debug|Any CPU
		{7159857F-7980-473A-AEB1-365AF942B33B}.Debug|Any CPU.Build.0 = Debug|Any CPU
		{7159857F-7980-473A-AEB1-365AF942B33B}.Release|Any CPU.ActiveCfg = Release|Any CPU
		{7159857F-7980-473A-AEB1-365AF942B33B}.Release|Any CPU.Build.0 = Release|Any CPU
	EndGlobalSection
	GlobalSection(SolutionProperties) = preSolution
		HideSolutionNode = FALSE
	EndGlobalSection
	GlobalSection(NestedProjects) = preSolution
		{C373C6D9-66A6-41F4-9F97-CA902B49C7FC} = {555D5549-DADB-41C9-A0E7-45C62AEEBE44}
		{5C668D8F-7766-40C3-9734-9F00C8F325A6} = {70841D80-3D39-4B36-88EB-C1EF65E65BC5}
		{140F0269-F323-4277-B699-CA259B59D3B6} = {A3A713E0-AA63-4ABF-8ABB-788EDF6A499C}
		{0AFA3EEF-853F-40A0-9F8B-267876E5B068} = {A3A713E0-AA63-4ABF-8ABB-788EDF6A499C}
		{EDC8E111-8F4A-461E-984E-A54766022D42} = {289D16A9-F6C6-45FA-8E11-93B4A7B984C2}
		{C7DA0A9A-0FA2-4535-AA76-3B8608B15190} = {289D16A9-F6C6-45FA-8E11-93B4A7B984C2}
		{E64C8581-6E1F-4065-8B49-A7A8DD343CFF} = {289D16A9-F6C6-45FA-8E11-93B4A7B984C2}
		{0BBB7967-A5EC-4FC0-BE56-49111985A194} = {5B12DA28-4107-462D-9DE8-C0B852F7146F}
		{7122EED6-7AC6-488B-891E-442541EB1528} = {5B12DA28-4107-462D-9DE8-C0B852F7146F}
		{B727BE07-DA8B-4166-8177-D77BE6C56DBA} = {5B12DA28-4107-462D-9DE8-C0B852F7146F}
		{7159857F-7980-473A-AEB1-365AF942B33B} = {22C2A7F9-5AAD-49AB-9A10-27E19046A23A}
	EndGlobalSection
	GlobalSection(ExtensibilityGlobals) = postSolution
		SolutionGuid = {56358EFF-71A2-40FC-AED3-94965D1914E5}
		EnterpriseLibraryConfigurationToolBinariesPathV6 = packages\EnterpriseLibrary.Common.6.0.1304.0\lib\NET45;packages\EnterpriseLibrary.Data.6.0.1304.0\lib\NET45
	EndGlobalSection
EndGlobal
